
Microsoft Visual Studio Solution File, Format Version 12.00
# Visual Studio 14
VisualStudioVersion = 14.0.25420.1
MinimumVisualStudioVersion = 10.0.40219.1
Project("{FAE04EC0-301F-11D3-BF4B-00C04F79EFBC}") = "AlarmServiceBusConsoleApp", "AlarmServiceBusConsoleApp\AlarmServiceBusConsoleApp.csproj", "{2723B03B-D33A-42BB-B18D-EC391BE624AD}"
EndProject
Global
	GlobalSection(SolutionConfigurationPlatforms) = preSolution
		Debug|Any CPU = Debug|Any CPU
		Release|Any CPU = Release|Any CPU
	EndGlobalSection
	GlobalSection(ProjectConfigurationPlatforms) = postSolution
		{2723B03B-D33A-42BB-B18D-EC391BE624AD}.Debug|Any CPU.ActiveCfg = Debug|Any CPU
		{2723B03B-D33A-42BB-B18D-EC391BE624AD}.Debug|Any CPU.Build.0 = Debug|Any CPU
		{2723B03B-D33A-42BB-B18D-EC391BE624AD}.Release|Any CPU.ActiveCfg = Release|Any CPU
		{2723B03B-D33A-42BB-B18D-EC391BE624AD}.Release|Any CPU.Build.0 = Release|Any CPU
	EndGlobalSection
	GlobalSection(SolutionProperties) = preSolution
		HideSolutionNode = FALSE
	EndGlobalSection
EndGlobal
